
Microsoft Visual Studio Solution File, Format Version 12.00
# Visual Studio 15
VisualStudioVersion = 15.0.28307.572
MinimumVisualStudioVersion = 10.0.40219.1
Project("{FAE04EC0-301F-11D3-BF4B-00C04F79EFBC}") = "MoodFull", "MoodFull\MoodFull.csproj", "{5FD07DFB-9FB7-4B44-B105-BBEE1944541E}"
EndProject
Global
	GlobalSection(SolutionConfigurationPlatforms) = preSolution
		Debug|Any CPU = Debug|Any CPU
		Release|Any CPU = Release|Any CPU
	EndGlobalSection
	GlobalSection(ProjectConfigurationPlatforms) = postSolution
		{5FD07DFB-9FB7-4B44-B105-BBEE1944541E}.Debug|Any CPU.ActiveCfg = Debug|Any CPU
		{5FD07DFB-9FB7-4B44-B105-BBEE1944541E}.Debug|Any CPU.Build.0 = Debug|Any CPU
		{5FD07DFB-9FB7-4B44-B105-BBEE1944541E}.Debug|Any CPU.Deploy.0 = Debug|Any CPU
		{5FD07DFB-9FB7-4B44-B105-BBEE1944541E}.Release|Any CPU.ActiveCfg = Release|Any CPU
		{5FD07DFB-9FB7-4B44-B105-BBEE1944541E}.Release|Any CPU.Build.0 = Release|Any CPU
		{5FD07DFB-9FB7-4B44-B105-BBEE1944541E}.Release|Any CPU.Deploy.0 = Release|Any CPU
	EndGlobalSection
	GlobalSection(SolutionProperties) = preSolution
		HideSolutionNode = FALSE
	EndGlobalSection
	GlobalSection(ExtensibilityGlobals) = postSolution
		SolutionGuid = {CF4E4CB2-31D4-4BF5-9C43-1A66C7F3FBEB}
	EndGlobalSection
EndGlobal
