
Microsoft Visual Studio Solution File, Format Version 12.00
# Visual Studio Version 16
VisualStudioVersion = 16.0.29503.13
MinimumVisualStudioVersion = 10.0.40219.1
Project("{FAE04EC0-301F-11D3-BF4B-00C04F79EFBC}") = "MoodWcfService", "MoodWcfService.csproj", "{551B98F3-1F6A-40CD-BB3E-CDCAD6E91E16}"
EndProject
Project("{FAE04EC0-301F-11D3-BF4B-00C04F79EFBC}") = "MockWcfClient", "..\MockWcfClient\MockWcfClient.csproj", "{D5E370AD-AEF1-4E2B-B405-76FA6AB0629D}"
EndProject
Global
	GlobalSection(SolutionConfigurationPlatforms) = preSolution
		Debug|Any CPU = Debug|Any CPU
		Release|Any CPU = Release|Any CPU
	EndGlobalSection
	GlobalSection(ProjectConfigurationPlatforms) = postSolution
		{551B98F3-1F6A-40CD-BB3E-CDCAD6E91E16}.Debug|Any CPU.ActiveCfg = Debug|Any CPU
		{551B98F3-1F6A-40CD-BB3E-CDCAD6E91E16}.Debug|Any CPU.Build.0 = Debug|Any CPU
		{551B98F3-1F6A-40CD-BB3E-CDCAD6E91E16}.Release|Any CPU.ActiveCfg = Release|Any CPU
		{551B98F3-1F6A-40CD-BB3E-CDCAD6E91E16}.Release|Any CPU.Build.0 = Release|Any CPU
		{D5E370AD-AEF1-4E2B-B405-76FA6AB0629D}.Debug|Any CPU.ActiveCfg = Debug|Any CPU
		{D5E370AD-AEF1-4E2B-B405-76FA6AB0629D}.Debug|Any CPU.Build.0 = Debug|Any CPU
		{D5E370AD-AEF1-4E2B-B405-76FA6AB0629D}.Release|Any CPU.ActiveCfg = Release|Any CPU
		{D5E370AD-AEF1-4E2B-B405-76FA6AB0629D}.Release|Any CPU.Build.0 = Release|Any CPU
	EndGlobalSection
	GlobalSection(SolutionProperties) = preSolution
		HideSolutionNode = FALSE
	EndGlobalSection
	GlobalSection(ExtensibilityGlobals) = postSolution
		SolutionGuid = {53D48B7E-BCC2-46E9-BB25-B5EA17149A4C}
	EndGlobalSection
EndGlobal
